
Microsoft Visual Studio Solution File, Format Version 12.00
# Visual Studio Version 16
VisualStudioVersion = 16.0.30711.63
MinimumVisualStudioVersion = 10.0.40219.1
Project("{9A19103F-16F7-4668-BE54-9A1E7A4F7556}") = "ConsoleMVC", "ConsoleMVC\ConsoleMVC.csproj", "{306CC5DA-3D6F-455F-9256-5363E88C2626}"
EndProject
Project("{9A19103F-16F7-4668-BE54-9A1E7A4F7556}") = "TransportPrice", "TransportPrice\TransportPrice.csproj", "{95459556-58C5-4937-826D-02FE4B733290}"
EndProject
Project("{FAE04EC0-301F-11D3-BF4B-00C04F79EFBC}") = "TransportMVC", "TransportMVC\TransportMVC.csproj", "{44A768E1-2D6D-464D-8A7A-3418522FFC3D}"
EndProject
Global
	GlobalSection(SolutionConfigurationPlatforms) = preSolution
		Debug|Any CPU = Debug|Any CPU
		Release|Any CPU = Release|Any CPU
	EndGlobalSection
	GlobalSection(ProjectConfigurationPlatforms) = postSolution
		{306CC5DA-3D6F-455F-9256-5363E88C2626}.Debug|Any CPU.ActiveCfg = Debug|Any CPU
		{306CC5DA-3D6F-455F-9256-5363E88C2626}.Debug|Any CPU.Build.0 = Debug|Any CPU
		{306CC5DA-3D6F-455F-9256-5363E88C2626}.Release|Any CPU.ActiveCfg = Release|Any CPU
		{306CC5DA-3D6F-455F-9256-5363E88C2626}.Release|Any CPU.Build.0 = Release|Any CPU
		{95459556-58C5-4937-826D-02FE4B733290}.Debug|Any CPU.ActiveCfg = Debug|Any CPU
		{95459556-58C5-4937-826D-02FE4B733290}.Debug|Any CPU.Build.0 = Debug|Any CPU
		{95459556-58C5-4937-826D-02FE4B733290}.Release|Any CPU.ActiveCfg = Release|Any CPU
		{95459556-58C5-4937-826D-02FE4B733290}.Release|Any CPU.Build.0 = Release|Any CPU
		{44A768E1-2D6D-464D-8A7A-3418522FFC3D}.Debug|Any CPU.ActiveCfg = Debug|Any CPU
		{44A768E1-2D6D-464D-8A7A-3418522FFC3D}.Debug|Any CPU.Build.0 = Debug|Any CPU
		{44A768E1-2D6D-464D-8A7A-3418522FFC3D}.Release|Any CPU.ActiveCfg = Release|Any CPU
		{44A768E1-2D6D-464D-8A7A-3418522FFC3D}.Release|Any CPU.Build.0 = Release|Any CPU
	EndGlobalSection
	GlobalSection(SolutionProperties) = preSolution
		HideSolutionNode = FALSE
	EndGlobalSection
	GlobalSection(ExtensibilityGlobals) = postSolution
		SolutionGuid = {B3F42E37-896C-4F7C-AB80-8408314FE2D7}
	EndGlobalSection
EndGlobal
